// !$*UTF8*$!
{
	archiveVersion = 1;
	classes = {
	};
	objectVersion = 50;
	objects = {

/* Begin PBXBuildFile section */
		9255B4B324CB543100368550 /* AppDelegate.swift in Sources */ = {isa = PBXBuildFile; fileRef = 9255B4B224CB543100368550 /* AppDelegate.swift */; };
		9255B4B524CB543100368550 /* SceneDelegate.swift in Sources */ = {isa = PBXBuildFile; fileRef = 9255B4B424CB543100368550 /* SceneDelegate.swift */; };
		9255B4B724CB543100368550 /* ViewController.swift in Sources */ = {isa = PBXBuildFile; fileRef = 9255B4B624CB543100368550 /* ViewController.swift */; };
		9255B4BA24CB543100368550 /* Main.storyboard in Resources */ = {isa = PBXBuildFile; fileRef = 9255B4B824CB543100368550 /* Main.storyboard */; };
		9255B4BC24CB543200368550 /* Assets.xcassets in Resources */ = {isa = PBXBuildFile; fileRef = 9255B4BB24CB543200368550 /* Assets.xcassets */; };
		9255B4BF24CB543200368550 /* LaunchScreen.storyboard in Resources */ = {isa = PBXBuildFile; fileRef = 9255B4BD24CB543200368550 /* LaunchScreen.storyboard */; };
		9255B4CA24CB543200368550 /* iOSMoviesTests.swift in Sources */ = {isa = PBXBuildFile; fileRef = 9255B4C924CB543200368550 /* iOSMoviesTests.swift */; };
		9255B4D624CB545100368550 /* SharedCode.framework in Frameworks */ = {isa = PBXBuildFile; fileRef = 9255B4D524CB545100368550 /* SharedCode.framework */; };
		9255B4D724CB545100368550 /* SharedCode.framework in Embed Frameworks */ = {isa = PBXBuildFile; fileRef = 9255B4D524CB545100368550 /* SharedCode.framework */; settings = {ATTRIBUTES = (CodeSignOnCopy, RemoveHeadersOnCopy, ); }; };
/* End PBXBuildFile section */

/* Begin PBXContainerItemProxy section */
		9255B4C624CB543200368550 /* PBXContainerItemProxy */ = {
			isa = PBXContainerItemProxy;
			containerPortal = 9255B4A724CB543100368550 /* Project object */;
			proxyType = 1;
			remoteGlobalIDString = 9255B4AE24CB543100368550;
			remoteInfo = iOSMovies;
		};
/* End PBXContainerItemProxy section */

/* Begin PBXCopyFilesBuildPhase section */
		9255B4D824CB545100368550 /* Embed Frameworks */ = {
			isa = PBXCopyFilesBuildPhase;
			buildActionMask = 2147483647;
			dstPath = "";
			dstSubfolderSpec = 10;
			files = (
				9255B4D724CB545100368550 /* SharedCode.framework in Embed Frameworks */,
			);
			name = "Embed Frameworks";
			runOnlyForDeploymentPostprocessing = 0;
		};
/* End PBXCopyFilesBuildPhase section */

/* Begin PBXFileReference section */
		9255B4AF24CB543100368550 /* iOSMovies.app */ = {isa = PBXFileReference; explicitFileType = wrapper.application; includeInIndex = 0; path = iOSMovies.app; sourceTree = BUILT_PRODUCTS_DIR; };
		9255B4B224CB543100368550 /* AppDelegate.swift */ = {isa = PBXFileReference; lastKnownFileType = sourcecode.swift; path = AppDelegate.swift; sourceTree = "<group>"; };
		9255B4B424CB543100368550 /* SceneDelegate.swift */ = {isa = PBXFileReference; lastKnownFileType = sourcecode.swift; path = SceneDelegate.swift; sourceTree = "<group>"; };
		9255B4B624CB543100368550 /* ViewController.swift */ = {isa = PBXFileReference; lastKnownFileType = sourcecode.swift; path = ViewController.swift; sourceTree = "<group>"; };
		9255B4B924CB543100368550 /* Base */ = {isa = PBXFileReference; lastKnownFileType = file.storyboard; name = Base; path = Base.lproj/Main.storyboard; sourceTree = "<group>"; };
		9255B4BB24CB543200368550 /* Assets.xcassets */ = {isa = PBXFileReference; lastKnownFileType = folder.assetcatalog; path = Assets.xcassets; sourceTree = "<group>"; };
		9255B4BE24CB543200368550 /* Base */ = {isa = PBXFileReference; lastKnownFileType = file.storyboard; name = Base; path = Base.lproj/LaunchScreen.storyboard; sourceTree = "<group>"; };
		9255B4C024CB543200368550 /* Info.plist */ = {isa = PBXFileReference; lastKnownFileType = text.plist.xml; path = Info.plist; sourceTree = "<group>"; };
		9255B4C524CB543200368550 /* iOSMoviesTests.xctest */ = {isa = PBXFileReference; explicitFileType = wrapper.cfbundle; includeInIndex = 0; path = iOSMoviesTests.xctest; sourceTree = BUILT_PRODUCTS_DIR; };
		9255B4C924CB543200368550 /* iOSMoviesTests.swift */ = {isa = PBXFileReference; lastKnownFileType = sourcecode.swift; path = iOSMoviesTests.swift; sourceTree = "<group>"; };
		9255B4CB24CB543200368550 /* Info.plist */ = {isa = PBXFileReference; lastKnownFileType = text.plist.xml; path = Info.plist; sourceTree = "<group>"; };
		9255B4D524CB545100368550 /* SharedCode.framework */ = {isa = PBXFileReference; lastKnownFileType = wrapper.framework; name = SharedCode.framework; path = "../SharedCode/build/xcode-frameworks/SharedCode.framework"; sourceTree = "<group>"; };
/* End PBXFileReference section */

/* Begin PBXFrameworksBuildPhase section */
		9255B4AC24CB543100368550 /* Frameworks */ = {
			isa = PBXFrameworksBuildPhase;
			buildActionMask = 2147483647;
			files = (
				9255B4D624CB545100368550 /* SharedCode.framework in Frameworks */,
			);
			runOnlyForDeploymentPostprocessing = 0;
		};
		9255B4C224CB543200368550 /* Frameworks */ = {
			isa = PBXFrameworksBuildPhase;
			buildActionMask = 2147483647;
			files = (
			);
			runOnlyForDeploymentPostprocessing = 0;
		};
/* End PBXFrameworksBuildPhase section */

/* Begin PBXGroup section */
		9255B4A624CB543100368550 = {
			isa = PBXGroup;
			children = (
				9255B4B124CB543100368550 /* iOSMovies */,
				9255B4C824CB543200368550 /* iOSMoviesTests */,
				9255B4B024CB543100368550 /* Products */,
				9255B4D424CB545100368550 /* Frameworks */,
			);
			sourceTree = "<group>";
		};
		9255B4B024CB543100368550 /* Products */ = {
			isa = PBXGroup;
			children = (
				9255B4AF24CB543100368550 /* iOSMovies.app */,
				9255B4C524CB543200368550 /* iOSMoviesTests.xctest */,
			);
			name = Products;
			sourceTree = "<group>";
		};
		9255B4B124CB543100368550 /* iOSMovies */ = {
			isa = PBXGroup;
			children = (
				9255B4B224CB543100368550 /* AppDelegate.swift */,
				9255B4B424CB543100368550 /* SceneDelegate.swift */,
				9255B4B624CB543100368550 /* ViewController.swift */,
				9255B4B824CB543100368550 /* Main.storyboard */,
				9255B4BB24CB543200368550 /* Assets.xcassets */,
				9255B4BD24CB543200368550 /* LaunchScreen.storyboard */,
				9255B4C024CB543200368550 /* Info.plist */,
			);
			path = iOSMovies;
			sourceTree = "<group>";
		};
		9255B4C824CB543200368550 /* iOSMoviesTests */ = {
			isa = PBXGroup;
			children = (
				9255B4C924CB543200368550 /* iOSMoviesTests.swift */,
				9255B4CB24CB543200368550 /* Info.plist */,
			);
			path = iOSMoviesTests;
			sourceTree = "<group>";
		};
		9255B4D424CB545100368550 /* Frameworks */ = {
			isa = PBXGroup;
			children = (
				9255B4D524CB545100368550 /* SharedCode.framework */,
			);
			name = Frameworks;
			sourceTree = "<group>";
		};
/* End PBXGroup section */

/* Begin PBXNativeTarget section */
		9255B4AE24CB543100368550 /* iOSMovies */ = {
			isa = PBXNativeTarget;
			buildConfigurationList = 9255B4CE24CB543200368550 /* Build configuration list for PBXNativeTarget "iOSMovies" */;
			buildPhases = (
				9255B4D924CB54DC00368550 /* ShellScript */,
				9255B4AB24CB543100368550 /* Sources */,
				9255B4AC24CB543100368550 /* Frameworks */,
				9255B4AD24CB543100368550 /* Resources */,
				9255B4D824CB545100368550 /* Embed Frameworks */,
			);
			buildRules = (
			);
			dependencies = (
			);
			name = iOSMovies;
			productName = iOSMovies;
			productReference = 9255B4AF24CB543100368550 /* iOSMovies.app */;
			productType = "com.apple.product-type.application";
		};
		9255B4C424CB543200368550 /* iOSMoviesTests */ = {
			isa = PBXNativeTarget;
			buildConfigurationList = 9255B4D124CB543200368550 /* Build configuration list for PBXNativeTarget "iOSMoviesTests" */;
			buildPhases = (
				9255B4C124CB543200368550 /* Sources */,
				9255B4C224CB543200368550 /* Frameworks */,
				9255B4C324CB543200368550 /* Resources */,
			);
			buildRules = (
			);
			dependencies = (
				9255B4C724CB543200368550 /* PBXTargetDependency */,
			);
			name = iOSMoviesTests;
			productName = iOSMoviesTests;
			productReference = 9255B4C524CB543200368550 /* iOSMoviesTests.xctest */;
			productType = "com.apple.product-type.bundle.unit-test";
		};
/* End PBXNativeTarget section */

/* Begin PBXProject section */
		9255B4A724CB543100368550 /* Project object */ = {
			isa = PBXProject;
			attributes = {
				LastSwiftUpdateCheck = 1160;
				LastUpgradeCheck = 1160;
				ORGANIZATIONNAME = Vipul;
				TargetAttributes = {
					9255B4AE24CB543100368550 = {
						CreatedOnToolsVersion = 11.6;
					};
					9255B4C424CB543200368550 = {
						CreatedOnToolsVersion = 11.6;
						TestTargetID = 9255B4AE24CB543100368550;
					};
				};
			};
			buildConfigurationList = 9255B4AA24CB543100368550 /* Build configuration list for PBXProject "iOSMovies" */;
			compatibilityVersion = "Xcode 9.3";
			developmentRegion = en;
			hasScannedForEncodings = 0;
			knownRegions = (
				en,
				Base,
			);
			mainGroup = 9255B4A624CB543100368550;
			productRefGroup = 9255B4B024CB543100368550 /* Products */;
			projectDirPath = "";
			projectRoot = "";
			targets = (
				9255B4AE24CB543100368550 /* iOSMovies */,
				9255B4C424CB543200368550 /* iOSMoviesTests */,
			);
		};
/* End PBXProject section */

/* Begin PBXResourcesBuildPhase section */
		9255B4AD24CB543100368550 /* Resources */ = {
			isa = PBXResourcesBuildPhase;
			buildActionMask = 2147483647;
			files = (
				9255B4BF24CB543200368550 /* LaunchScreen.storyboard in Resources */,
				9255B4BC24CB543200368550 /* Assets.xcassets in Resources */,
				9255B4BA24CB543100368550 /* Main.storyboard in Resources */,
			);
			runOnlyForDeploymentPostprocessing = 0;
		};
		9255B4C324CB543200368550 /* Resources */ = {
			isa = PBXResourcesBuildPhase;
			buildActionMask = 2147483647;
			files = (
			);
			runOnlyForDeploymentPostprocessing = 0;
		};
/* End PBXResourcesBuildPhase section */

/* Begin PBXShellScriptBuildPhase section */
		9255B4D924CB54DC00368550 /* ShellScript */ = {
			isa = PBXShellScriptBuildPhase;
			buildActionMask = 2147483647;
			files = (
			);
			inputFileListPaths = (
			);
			inputPaths = (
			);
			outputFileListPaths = (
			);
			outputPaths = (
			);
			runOnlyForDeploymentPostprocessing = 0;
			shellPath = /bin/sh;
			shellScript = "cd \"$SRCROOT/../SharedCode/build/xcode-frameworks\"\n./gradlew :SharedCode:packForXCode -PXCODE_CONFIGURATION=${CONFIGURATION}\n";
		};
/* End PBXShellScriptBuildPhase section */

/* Begin PBXSourcesBuildPhase section */
		9255B4AB24CB543100368550 /* Sources */ = {
			isa = PBXSourcesBuildPhase;
			buildActionMask = 2147483647;
			files = (
				9255B4B724CB543100368550 /* ViewController.swift in Sources */,
				9255B4B324CB543100368550 /* AppDelegate.swift in Sources */,
				9255B4B524CB543100368550 /* SceneDelegate.swift in Sources */,
			);
			runOnlyForDeploymentPostprocessing = 0;
		};
		9255B4C124CB543200368550 /* Sources */ = {
			isa = PBXSourcesBuildPhase;
			buildActionMask = 2147483647;
			files = (
				9255B4CA24CB543200368550 /* iOSMoviesTests.swift in Sources */,
			);
			runOnlyForDeploymentPostprocessing = 0;
		};
/* End PBXSourcesBuildPhase section */

/* Begin PBXTargetDependency section */
		9255B4C724CB543200368550 /* PBXTargetDependency */ = {
			isa = PBXTargetDependency;
			target = 9255B4AE24CB543100368550 /* iOSMovies */;
			targetProxy = 9255B4C624CB543200368550 /* PBXContainerItemProxy */;
		};
/* End PBXTargetDependency section */

/* Begin PBXVariantGroup section */
		9255B4B824CB543100368550 /* Main.storyboard */ = {
			isa = PBXVariantGroup;
			children = (
				9255B4B924CB543100368550 /* Base */,
			);
			name = Main.storyboard;
			sourceTree = "<group>";
		};
		9255B4BD24CB543200368550 /* LaunchScreen.storyboard */ = {
			isa = PBXVariantGroup;
			children = (
				9255B4BE24CB543200368550 /* Base */,
			);
			name = LaunchScreen.storyboard;
			sourceTree = "<group>";
		};
/* End PBXVariantGroup section */

/* Begin XCBuildConfiguration section */
		9255B4CC24CB543200368550 /* Debug */ = {
			isa = XCBuildConfiguration;
			buildSettings = {
				ALWAYS_SEARCH_USER_PATHS = NO;
				CLANG_ANALYZER_NONNULL = YES;
				CLANG_ANALYZER_NUMBER_OBJECT_CONVERSION = YES_AGGRESSIVE;
				CLANG_CXX_LANGUAGE_STANDARD = "gnu++14";
				CLANG_CXX_LIBRARY = "libc++";
				CLANG_ENABLE_MODULES = YES;
				CLANG_ENABLE_OBJC_ARC = YES;
				CLANG_ENABLE_OBJC_WEAK = YES;
				CLANG_WARN_BLOCK_CAPTURE_AUTORELEASING = YES;
				CLANG_WARN_BOOL_CONVERSION = YES;
				CLANG_WARN_COMMA = YES;
				CLANG_WARN_CONSTANT_CONVERSION = YES;
				CLANG_WARN_DEPRECATED_OBJC_IMPLEMENTATIONS = YES;
				CLANG_WARN_DIRECT_OBJC_ISA_USAGE = YES_ERROR;
				CLANG_WARN_DOCUMENTATION_COMMENTS = YES;
				CLANG_WARN_EMPTY_BODY = YES;
				CLANG_WARN_ENUM_CONVERSION = YES;
				CLANG_WARN_INFINITE_RECURSION = YES;
				CLANG_WARN_INT_CONVERSION = YES;
				CLANG_WARN_NON_LITERAL_NULL_CONVERSION = YES;
				CLANG_WARN_OBJC_IMPLICIT_RETAIN_SELF = YES;
				CLANG_WARN_OBJC_LITERAL_CONVERSION = YES;
				CLANG_WARN_OBJC_ROOT_CLASS = YES_ERROR;
				CLANG_WARN_RANGE_LOOP_ANALYSIS = YES;
				CLANG_WARN_STRICT_PROTOTYPES = YES;
				CLANG_WARN_SUSPICIOUS_MOVE = YES;
				CLANG_WARN_UNGUARDED_AVAILABILITY = YES_AGGRESSIVE;
				CLANG_WARN_UNREACHABLE_CODE = YES;
				CLANG_WARN__DUPLICATE_METHOD_MATCH = YES;
				COPY_PHASE_STRIP = NO;
				DEBUG_INFORMATION_FORMAT = dwarf;
				ENABLE_STRICT_OBJC_MSGSEND = YES;
				ENABLE_TESTABILITY = YES;
				GCC_C_LANGUAGE_STANDARD = gnu11;
				GCC_DYNAMIC_NO_PIC = NO;
				GCC_NO_COMMON_BLOCKS = YES;
				GCC_OPTIMIZATION_LEVEL = 0;
				GCC_PREPROCESSOR_DEFINITIONS = (
					"DEBUG=1",
					"$(inherited)",
				);
				GCC_WARN_64_TO_32_BIT_CONVERSION = YES;
				GCC_WARN_ABOUT_RETURN_TYPE = YES_ERROR;
				GCC_WARN_UNDECLARED_SELECTOR = YES;
				GCC_WARN_UNINITIALIZED_AUTOS = YES_AGGRESSIVE;
				GCC_WARN_UNUSED_FUNCTION = YES;
				GCC_WARN_UNUSED_VARIABLE = YES;
				IPHONEOS_DEPLOYMENT_TARGET = 13.6;
				MTL_ENABLE_DEBUG_INFO = INCLUDE_SOURCE;
				MTL_FAST_MATH = YES;
				ONLY_ACTIVE_ARCH = YES;
				SDKROOT = iphoneos;
				SWIFT_ACTIVE_COMPILATION_CONDITIONS = DEBUG;
				SWIFT_OPTIMIZATION_LEVEL = "-Onone";
			};
			name = Debug;
		};
		9255B4CD24CB543200368550 /* Release */ = {
			isa = XCBuildConfiguration;
			buildSettings = {
				ALWAYS_SEARCH_USER_PATHS = NO;
				CLANG_ANALYZER_NONNULL = YES;
				CLANG_ANALYZER_NUMBER_OBJECT_CONVERSION = YES_AGGRESSIVE;
				CLANG_CXX_LANGUAGE_STANDARD = "gnu++14";
				CLANG_CXX_LIBRARY = "libc++";
				CLANG_ENABLE_MODULES = YES;
				CLANG_ENABLE_OBJC_ARC = YES;
				CLANG_ENABLE_OBJC_WEAK = YES;
				CLANG_WARN_BLOCK_CAPTURE_AUTORELEASING = YES;
				CLANG_WARN_BOOL_CONVERSION = YES;
				CLANG_WARN_COMMA = YES;
				CLANG_WARN_CONSTANT_CONVERSION = YES;
				CLANG_WARN_DEPRECATED_OBJC_IMPLEMENTATIONS = YES;
				CLANG_WARN_DIRECT_OBJC_ISA_USAGE = YES_ERROR;
				CLANG_WARN_DOCUMENTATION_COMMENTS = YES;
				CLANG_WARN_EMPTY_BODY = YES;
				CLANG_WARN_ENUM_CONVERSION = YES;
				CLANG_WARN_INFINITE_RECURSION = YES;
				CLANG_WARN_INT_CONVERSION = YES;
				CLANG_WARN_NON_LITERAL_NULL_CONVERSION = YES;
				CLANG_WARN_OBJC_IMPLICIT_RETAIN_SELF = YES;
				CLANG_WARN_OBJC_LITERAL_CONVERSION = YES;
				CLANG_WARN_OBJC_ROOT_CLASS = YES_ERROR;
				CLANG_WARN_RANGE_LOOP_ANALYSIS = YES;
				CLANG_WARN_STRICT_PROTOTYPES = YES;
				CLANG_WARN_SUSPICIOUS_MOVE = YES;
				CLANG_WARN_UNGUARDED_AVAILABILITY = YES_AGGRESSIVE;
				CLANG_WARN_UNREACHABLE_CODE = YES;
				CLANG_WARN__DUPLICATE_METHOD_MATCH = YES;
				COPY_PHASE_STRIP = NO;
				DEBUG_INFORMATION_FORMAT = "dwarf-with-dsym";
				ENABLE_NS_ASSERTIONS = NO;
				ENABLE_STRICT_OBJC_MSGSEND = YES;
				GCC_C_LANGUAGE_STANDARD = gnu11;
				GCC_NO_COMMON_BLOCKS = YES;
				GCC_WARN_64_TO_32_BIT_CONVERSION = YES;
				GCC_WARN_ABOUT_RETURN_TYPE = YES_ERROR;
				GCC_WARN_UNDECLARED_SELECTOR = YES;
				GCC_WARN_UNINITIALIZED_AUTOS = YES_AGGRESSIVE;
				GCC_WARN_UNUSED_FUNCTION = YES;
				GCC_WARN_UNUSED_VARIABLE = YES;
				IPHONEOS_DEPLOYMENT_TARGET = 13.6;
				MTL_ENABLE_DEBUG_INFO = NO;
				MTL_FAST_MATH = YES;
				SDKROOT = iphoneos;
				SWIFT_COMPILATION_MODE = wholemodule;
				SWIFT_OPTIMIZATION_LEVEL = "-O";
				VALIDATE_PRODUCT = YES;
			};
			name = Release;
		};
		9255B4CF24CB543200368550 /* Debug */ = {
			isa = XCBuildConfiguration;
			buildSettings = {
				ASSETCATALOG_COMPILER_APPICON_NAME = AppIcon;
				CODE_SIGN_STYLE = Automatic;
				DEVELOPMENT_TEAM = FPV6KQ2ZVP;
				FRAMEWORK_SEARCH_PATHS = "$(SRCROOT)/../SharedCode/build/xcode-frameworks";
				INFOPLIST_FILE = iOSMovies/Info.plist;
				LD_RUNPATH_SEARCH_PATHS = (
					"$(inherited)",
					"@executable_path/Frameworks",
				);
				PRODUCT_BUNDLE_IDENTIFIER = Vipul.iOSMovies;
				PRODUCT_NAME = "$(TARGET_NAME)";
				SWIFT_VERSION = 5.0;
				TARGETED_DEVICE_FAMILY = "1,2";
			};
			name = Debug;
		};
		9255B4D024CB543200368550 /* Release */ = {
			isa = XCBuildConfiguration;
			buildSettings = {
				ASSETCATALOG_COMPILER_APPICON_NAME = AppIcon;
				CODE_SIGN_STYLE = Automatic;
				DEVELOPMENT_TEAM = FPV6KQ2ZVP;
				FRAMEWORK_SEARCH_PATHS = "$(SRCROOT)/../SharedCode/build/xcode-frameworks";
				INFOPLIST_FILE = iOSMovies/Info.plist;
				LD_RUNPATH_SEARCH_PATHS = (
					"$(inherited)",
					"@executable_path/Frameworks",
				);
				PRODUCT_BUNDLE_IDENTIFIER = Vipul.iOSMovies;
				PRODUCT_NAME = "$(TARGET_NAME)";
				SWIFT_VERSION = 5.0;
				TARGETED_DEVICE_FAMILY = "1,2";
			};
			name = Release;
		};
		9255B4D224CB543200368550 /* Debug */ = {
			isa = XCBuildConfiguration;
			buildSettings = {
				ALWAYS_EMBED_SWIFT_STANDARD_LIBRARIES = YES;
				BUNDLE_LOADER = "$(TEST_HOST)";
				CODE_SIGN_STYLE = Automatic;
				DEVELOPMENT_TEAM = FPV6KQ2ZVP;
				INFOPLIST_FILE = iOSMoviesTests/Info.plist;
				IPHONEOS_DEPLOYMENT_TARGET = 13.6;
				LD_RUNPATH_SEARCH_PATHS = (
					"$(inherited)",
					"@executable_path/Frameworks",
					"@loader_path/Frameworks",
				);
				PRODUCT_BUNDLE_IDENTIFIER = Vipul.iOSMoviesTests;
				PRODUCT_NAME = "$(TARGET_NAME)";
				SWIFT_VERSION = 5.0;
				TARGETED_DEVICE_FAMILY = "1,2";
				TEST_HOST = "$(BUILT_PRODUCTS_DIR)/iOSMovies.app/iOSMovies";
			};
			name = Debug;
		};
		9255B4D324CB543200368550 /* Release */ = {
			isa = XCBuildConfiguration;
			buildSettings = {
				ALWAYS_EMBED_SWIFT_STANDARD_LIBRARIES = YES;
				BUNDLE_LOADER = "$(TEST_HOST)";
				CODE_SIGN_STYLE = Automatic;
				DEVELOPMENT_TEAM = FPV6KQ2ZVP;
				INFOPLIST_FILE = iOSMoviesTests/Info.plist;
				IPHONEOS_DEPLOYMENT_TARGET = 13.6;
				LD_RUNPATH_SEARCH_PATHS = (
					"$(inherited)",
					"@executable_path/Frameworks",
					"@loader_path/Frameworks",
				);
				PRODUCT_BUNDLE_IDENTIFIER = Vipul.iOSMoviesTests;
				PRODUCT_NAME = "$(TARGET_NAME)";
				SWIFT_VERSION = 5.0;
				TARGETED_DEVICE_FAMILY = "1,2";
				TEST_HOST = "$(BUILT_PRODUCTS_DIR)/iOSMovies.app/iOSMovies";
			};
			name = Release;
		};
/* End XCBuildConfiguration section */

/* Begin XCConfigurationList section */
		9255B4AA24CB543100368550 /* Build configuration list for PBXProject "iOSMovies" */ = {
			isa = XCConfigurationList;
			buildConfigurations = (
				9255B4CC24CB543200368550 /* Debug */,
				9255B4CD24CB543200368550 /* Release */,
			);
			defaultConfigurationIsVisible = 0;
			defaultConfigurationName = Release;
		};
		9255B4CE24CB543200368550 /* Build configuration list for PBXNativeTarget "iOSMovies" */ = {
			isa = XCConfigurationList;
			buildConfigurations = (
				9255B4CF24CB543200368550 /* Debug */,
				9255B4D024CB543200368550 /* Release */,
			);
			defaultConfigurationIsVisible = 0;
			defaultConfigurationName = Release;
		};
		9255B4D124CB543200368550 /* Build configuration list for PBXNativeTarget "iOSMoviesTests" */ = {
			isa = XCConfigurationList;
			buildConfigurations = (
				9255B4D224CB543200368550 /* Debug */,
				9255B4D324CB543200368550 /* Release */,
			);
			defaultConfigurationIsVisible = 0;
			defaultConfigurationName = Release;
		};
/* End XCConfigurationList section */
	};
	rootObject = 9255B4A724CB543100368550 /* Project object */;
}
